# This file is @generated by PDM.
# It is not intended for manual editing.

[[package]]
name = "cachetools"
version = "5.3.0"
requires_python = "~=3.7"
summary = "Extensible memoizing collections and decorators"

[[package]]
name = "chardet"
version = "5.1.0"
requires_python = ">=3.7"
summary = "Universal encoding detector for Python 3"

[[package]]
name = "colorama"
version = "0.4.6"
requires_python = "!=3.0.*,!=3.1.*,!=3.2.*,!=3.3.*,!=3.4.*,!=3.5.*,!=3.6.*,>=2.7"
summary = "Cross-platform colored terminal text."

[[package]]
name = "distlib"
version = "0.3.6"
summary = "Distribution utilities"

[[package]]
name = "filelock"
version = "3.9.0"
requires_python = ">=3.7"
summary = "A platform independent file lock."

[[package]]
name = "flake8"
version = "5.0.4"
requires_python = ">=3.6.1"
summary = "the modular source code checker: pep8 pyflakes and co"
dependencies = [
    "mccabe<0.8.0,>=0.7.0",
    "pycodestyle<2.10.0,>=2.9.0",
    "pyflakes<2.6.0,>=2.5.0",
]

[[package]]
name = "mccabe"
version = "0.7.0"
requires_python = ">=3.6"
summary = "McCabe checker, plugin for flake8"

[[package]]
name = "packaging"
version = "23.0"
requires_python = ">=3.7"
summary = "Core utilities for Python packages"

[[package]]
name = "platformdirs"
version = "3.0.0"
requires_python = ">=3.7"
summary = "A small Python package for determining appropriate platform-specific dirs, e.g. a \"user data dir\"."

[[package]]
name = "pluggy"
version = "1.0.0"
requires_python = ">=3.6"
summary = "plugin and hook calling mechanisms for python"

[[package]]
name = "pycodestyle"
version = "2.9.1"
requires_python = ">=3.6"
summary = "Python style guide checker"

[[package]]
name = "pyflakes"
version = "2.5.0"
requires_python = ">=3.6"
summary = "passive checker of Python programs"

[[package]]
name = "pyproject-api"
version = "1.5.0"
requires_python = ">=3.7"
summary = "API to interact with the python pyproject.toml based projects"
dependencies = [
    "packaging>=21.3",
    "tomli>=2.0.1; python_version < \"3.11\"",
]

[[package]]
name = "tomli"
version = "2.0.1"
requires_python = ">=3.7"
summary = "A lil' TOML parser"

[[package]]
name = "tox"
version = "4.4.5"
requires_python = ">=3.7"
summary = "tox is a generic virtualenv management and test command line tool"
dependencies = [
    "cachetools>=5.3",
    "chardet>=5.1",
    "colorama>=0.4.6",
    "filelock>=3.9",
    "packaging>=23",
    "platformdirs>=2.6.2",
    "pluggy>=1",
    "pyproject-api>=1.5",
    "tomli>=2.0.1; python_version < \"3.11\"",
    "virtualenv>=20.17.1",
]

[[package]]
name = "virtualenv"
version = "20.19.0"
requires_python = ">=3.7"
summary = "Virtual Python Environment builder"
dependencies = [
    "distlib<1,>=0.3.6",
    "filelock<4,>=3.4.1",
    "platformdirs<4,>=2.4",
]

[metadata]
lock_version = "4.1"
content_hash = "sha256:34f3cdbc8b67596ed55137d0b7109f0693019bab0c81c5e88616659cf18d34be"

[metadata.files]
"cachetools 5.3.0" = [
    {url = "https://files.pythonhosted.org/packages/4d/91/5837e9f9e77342bb4f3ffac19ba216eef2cd9b77d67456af420e7bafe51d/cachetools-5.3.0.tar.gz", hash = "sha256:13dfddc7b8df938c21a940dfa6557ce6e94a2f1cdfa58eb90c805721d58f2c14"},
    {url = "https://files.pythonhosted.org/packages/db/14/2b48a834d349eee94677e8702ea2ef98b7c674b090153ea8d3f6a788584e/cachetools-5.3.0-py3-none-any.whl", hash = "sha256:429e1a1e845c008ea6c85aa35d4b98b65d6a9763eeef3e37e92728a12d1de9d4"},
]
"chardet 5.1.0" = [
    {url = "https://files.pythonhosted.org/packages/41/32/cdc91dcf83849c7385bf8e2a5693d87376536ed000807fa07f5eab33430d/chardet-5.1.0.tar.gz", hash = "sha256:0d62712b956bc154f85fb0a266e2a3c5913c2967e00348701b32411d6def31e5"},
    {url = "https://files.pythonhosted.org/packages/74/8f/8fc49109009e8d2169d94d72e6b1f4cd45c13d147ba7d6170fb41f22b08f/chardet-5.1.0-py3-none-any.whl", hash = "sha256:362777fb014af596ad31334fde1e8c327dfdb076e1960d1694662d46a6917ab9"},
]
"colorama 0.4.6" = [
    {url = "https://files.pythonhosted.org/packages/d1/d6/3965ed04c63042e047cb6a3e6ed1a63a35087b6a609aa3a15ed8ac56c221/colorama-0.4.6-py2.py3-none-any.whl", hash = "sha256:4f1d9991f5acc0ca119f9d443620b77f9d6b33703e51011c16baf57afb285fc6"},
    {url = "https://files.pythonhosted.org/packages/d8/53/6f443c9a4a8358a93a6792e2acffb9d9d5cb0a5cfd8802644b7b1c9a02e4/colorama-0.4.6.tar.gz", hash = "sha256:08695f5cb7ed6e0531a20572697297273c47b8cae5a63ffc6d6ed5c201be6e44"},
]
"distlib 0.3.6" = [
    {url = "https://files.pythonhosted.org/packages/58/07/815476ae605bcc5f95c87a62b95e74a1bce0878bc7a3119bc2bf4178f175/distlib-0.3.6.tar.gz", hash = "sha256:14bad2d9b04d3a36127ac97f30b12a19268f211063d8f8ee4f47108896e11b46"},
    {url = "https://files.pythonhosted.org/packages/76/cb/6bbd2b10170ed991cf64e8c8b85e01f2fb38f95d1bc77617569e0b0b26ac/distlib-0.3.6-py2.py3-none-any.whl", hash = "sha256:f35c4b692542ca110de7ef0bea44d73981caeb34ca0b9b6b2e6d7790dda8f80e"},
]
"filelock 3.9.0" = [
    {url = "https://files.pythonhosted.org/packages/0b/dc/eac02350f06c6ed78a655ceb04047df01b02c6b7ea3fc02d4df24ca87d24/filelock-3.9.0.tar.gz", hash = "sha256:7b319f24340b51f55a2bf7a12ac0755a9b03e718311dac567a0f4f7fabd2f5de"},
    {url = "https://files.pythonhosted.org/packages/14/4c/b201d0292ca4e0950f0741212935eac9996f69cd66b92a3587e594999163/filelock-3.9.0-py3-none-any.whl", hash = "sha256:f58d535af89bb9ad5cd4df046f741f8553a418c01a7856bf0d173bbc9f6bd16d"},
]
"flake8 5.0.4" = [
    {url = "https://files.pythonhosted.org/packages/ad/00/9808c62b2d529cefc69ce4e4a1ea42c0f855effa55817b7327ec5b75e60a/flake8-5.0.4.tar.gz", hash = "sha256:6fbe320aad8d6b95cec8b8e47bc933004678dc63095be98528b7bdd2a9f510db"},
    {url = "https://files.pythonhosted.org/packages/cf/a0/b881b63a17a59d9d07f5c0cc91a29182c8e8a9aa2bde5b3b2b16519c02f4/flake8-5.0.4-py2.py3-none-any.whl", hash = "sha256:7a1cf6b73744f5806ab95e526f6f0d8c01c66d7bbe349562d22dfca20610b248"},
]
"mccabe 0.7.0" = [
    {url = "https://files.pythonhosted.org/packages/27/1a/1f68f9ba0c207934b35b86a8ca3aad8395a3d6dd7921c0686e23853ff5a9/mccabe-0.7.0-py2.py3-none-any.whl", hash = "sha256:6c2d30ab6be0e4a46919781807b4f0d834ebdd6c6e3dca0bda5a15f863427b6e"},
    {url = "https://files.pythonhosted.org/packages/e7/ff/0ffefdcac38932a54d2b5eed4e0ba8a408f215002cd178ad1df0f2806ff8/mccabe-0.7.0.tar.gz", hash = "sha256:348e0240c33b60bbdf4e523192ef919f28cb2c3d7d5c7794f74009290f236325"},
]
"packaging 23.0" = [
    {url = "https://files.pythonhosted.org/packages/47/d5/aca8ff6f49aa5565df1c826e7bf5e85a6df852ee063600c1efa5b932968c/packaging-23.0.tar.gz", hash = "sha256:b6ad297f8907de0fa2fe1ccbd26fdaf387f5f47c7275fedf8cce89f99446cf97"},
    {url = "https://files.pythonhosted.org/packages/ed/35/a31aed2993e398f6b09a790a181a7927eb14610ee8bbf02dc14d31677f1c/packaging-23.0-py3-none-any.whl", hash = "sha256:714ac14496c3e68c99c29b00845f7a2b85f3bb6f1078fd9f72fd20f0570002b2"},
]
"platformdirs 3.0.0" = [
    {url = "https://files.pythonhosted.org/packages/11/39/702094fc1434a4408783b071665d9f5d8a1d0ba4dddf9dadf3d50e6eb762/platformdirs-3.0.0.tar.gz", hash = "sha256:8a1228abb1ef82d788f74139988b137e78692984ec7b08eaa6c65f1723af28f9"},
    {url = "https://files.pythonhosted.org/packages/ba/24/a83a900a90105f8ad3f20df5bb5a2cde886df7125c7827e196e4ed4fa8a7/platformdirs-3.0.0-py3-none-any.whl", hash = "sha256:b1d5eb14f221506f50d6604a561f4c5786d9e80355219694a1b244bcd96f4567"},
]
"pluggy 1.0.0" = [
    {url = "https://files.pythonhosted.org/packages/9e/01/f38e2ff29715251cf25532b9082a1589ab7e4f571ced434f98d0139336dc/pluggy-1.0.0-py2.py3-none-any.whl", hash = "sha256:74134bbf457f031a36d68416e1509f34bd5ccc019f0bcc952c7b909d06b37bd3"},
    {url = "https://files.pythonhosted.org/packages/a1/16/db2d7de3474b6e37cbb9c008965ee63835bba517e22cdb8c35b5116b5ce1/pluggy-1.0.0.tar.gz", hash = "sha256:4224373bacce55f955a878bf9cfa763c1e360858e330072059e10bad68531159"},
]
"pycodestyle 2.9.1" = [
    {url = "https://files.pythonhosted.org/packages/67/e4/fc77f1039c34b3612c4867b69cbb2b8a4e569720b1f19b0637002ee03aff/pycodestyle-2.9.1-py2.py3-none-any.whl", hash = "sha256:d1735fc58b418fd7c5f658d28d943854f8a849b01a5d0a1e6f3f3fdd0166804b"},
    {url = "https://files.pythonhosted.org/packages/b6/83/5bcaedba1f47200f0665ceb07bcb00e2be123192742ee0edfb66b600e5fd/pycodestyle-2.9.1.tar.gz", hash = "sha256:2c9607871d58c76354b697b42f5d57e1ada7d261c261efac224b664affdc5785"},
]
"pyflakes 2.5.0" = [
    {url = "https://files.pythonhosted.org/packages/07/92/f0cb5381f752e89a598dd2850941e7f570ac3cb8ea4a344854de486db152/pyflakes-2.5.0.tar.gz", hash = "sha256:491feb020dca48ccc562a8c0cbe8df07ee13078df59813b83959cbdada312ea3"},
    {url = "https://files.pythonhosted.org/packages/dc/13/63178f59f74e53acc2165aee4b002619a3cfa7eeaeac989a9eb41edf364e/pyflakes-2.5.0-py2.py3-none-any.whl", hash = "sha256:4579f67d887f804e67edb544428f264b7b24f435b263c4614f384135cea553d2"},
]
"pyproject-api 1.5.0" = [
    {url = "https://files.pythonhosted.org/packages/25/8d/261289ccd17044fb1fdf99da1ece3fda631b61b53b3c49f02e21f3e8af00/pyproject_api-1.5.0-py3-none-any.whl", hash = "sha256:4c111277dfb96bcd562c6245428f27250b794bfe3e210b8714c4f893952f2c17"},
    {url = "https://files.pythonhosted.org/packages/86/92/a63e1fd25adfde23f21d87676a4dc39fb969d2979c60aac9d7b3425d6223/pyproject_api-1.5.0.tar.gz", hash = "sha256:0962df21f3e633b8ddb9567c011e6c1b3dcdfc31b7860c0ede7e24c5a1200fbe"},
]
"tomli 2.0.1" = [
    {url = "https://files.pythonhosted.org/packages/97/75/10a9ebee3fd790d20926a90a2547f0bf78f371b2f13aa822c759680ca7b9/tomli-2.0.1-py3-none-any.whl", hash = "sha256:939de3e7a6161af0c887ef91b7d41a53e7c5a1ca976325f429cb46ea9bc30ecc"},
    {url = "https://files.pythonhosted.org/packages/c0/3f/d7af728f075fb08564c5949a9c95e44352e23dee646869fa104a3b2060a3/tomli-2.0.1.tar.gz", hash = "sha256:de526c12914f0c550d15924c62d72abc48d6fe7364aa87328337a31007fe8a4f"},
]
"tox 4.4.5" = [
    {url = "https://files.pythonhosted.org/packages/a8/e8/0042a7ab15087a540d111b0002977a52392cfcefa0099360c272ad6444c3/tox-4.4.5.tar.gz", hash = "sha256:f9bc83c5da8666baa2a4d4e884bbbda124fe646e4b1c0e412949cecc2b6e8f90"},
    {url = "https://files.pythonhosted.org/packages/eb/d5/6196345f73ccf07010eac1f4b90f15135524c4d8268b216001475ec8be72/tox-4.4.5-py3-none-any.whl", hash = "sha256:1081864f1a1393ffa11ebe9beaa280349020579310d217a594a4e7b6124c5425"},
]
"virtualenv 20.19.0" = [
    {url = "https://files.pythonhosted.org/packages/3d/ad/906d59bbcb0e6178989cee52166a8a6651ddaea18b38e728eaac22e61cad/virtualenv-20.19.0.tar.gz", hash = "sha256:37a640ba82ed40b226599c522d411e4be5edb339a0c0de030c0dc7b646d61590"},
    {url = "https://files.pythonhosted.org/packages/51/19/6a5c76a1f622d5e72ca156345843879cfe3d13b918b40b93ef542aa2a855/virtualenv-20.19.0-py3-none-any.whl", hash = "sha256:54eb59e7352b573aa04d53f80fc9736ed0ad5143af445a1e539aada6eb947dd1"},
]
